
Microsoft Visual Studio Solution File, Format Version 12.00
# Visual Studio 15
VisualStudioVersion = 15.0.28010.2046
MinimumVisualStudioVersion = 10.0.40219.1
Project("{9A19103F-16F7-4668-BE54-9A1E7A4F7556}") = "OLIVIEM", "OLIVIEM\OLIVIEM.csproj", "{72CF2252-CDFC-4112-AC4E-82A2B9FD6AC5}"
EndProject
Project("{9A19103F-16F7-4668-BE54-9A1E7A4F7556}") = "OLIVIEM.DAL", "OLIVIEM.DAL\OLIVIEM.DAL.csproj", "{8A0BB266-F0DC-4F11-B62B-A4B5452712DA}"
EndProject
Project("{9A19103F-16F7-4668-BE54-9A1E7A4F7556}") = "OLIVIEM.Logic", "OLIVIEM.Logic\OLIVIEM.Logic.csproj", "{945CD415-5C22-4945-AD28-FCEDCFF9B852}"
EndProject
Project("{9A19103F-16F7-4668-BE54-9A1E7A4F7556}") = "OLIVIEM.Models", "OLIVIEM.Models\OLIVIEM.Models.csproj", "{2D9D89CF-891D-42DC-8DAA-2539AE8DD5A2}"
EndProject
Project("{9A19103F-16F7-4668-BE54-9A1E7A4F7556}") = "OLIVIEM.Factory", "Facctory\OLIVIEM.Factory.csproj", "{7054C33D-E38B-453A-8ABB-F657BA1BA423}"
EndProject
Project("{9A19103F-16F7-4668-BE54-9A1E7A4F7556}") = "Oliviem.Utils", "Oliviem.Utils\Oliviem.Utils.csproj", "{2740AAD8-1CBC-44FA-907B-02D1F65A8940}"
EndProject
Project("{FAE04EC0-301F-11D3-BF4B-00C04F79EFBC}") = "Tests", "Tests\Tests.csproj", "{740CB8D7-DB1C-4371-A6C4-C8B0412B9E0C}"
EndProject
Global
	GlobalSection(SolutionConfigurationPlatforms) = preSolution
		Debug|Any CPU = Debug|Any CPU
		Release|Any CPU = Release|Any CPU
	EndGlobalSection
	GlobalSection(ProjectConfigurationPlatforms) = postSolution
		{72CF2252-CDFC-4112-AC4E-82A2B9FD6AC5}.Debug|Any CPU.ActiveCfg = Debug|Any CPU
		{72CF2252-CDFC-4112-AC4E-82A2B9FD6AC5}.Debug|Any CPU.Build.0 = Debug|Any CPU
		{72CF2252-CDFC-4112-AC4E-82A2B9FD6AC5}.Release|Any CPU.ActiveCfg = Release|Any CPU
		{72CF2252-CDFC-4112-AC4E-82A2B9FD6AC5}.Release|Any CPU.Build.0 = Release|Any CPU
		{8A0BB266-F0DC-4F11-B62B-A4B5452712DA}.Debug|Any CPU.ActiveCfg = Debug|Any CPU
		{8A0BB266-F0DC-4F11-B62B-A4B5452712DA}.Debug|Any CPU.Build.0 = Debug|Any CPU
		{8A0BB266-F0DC-4F11-B62B-A4B5452712DA}.Release|Any CPU.ActiveCfg = Release|Any CPU
		{8A0BB266-F0DC-4F11-B62B-A4B5452712DA}.Release|Any CPU.Build.0 = Release|Any CPU
		{945CD415-5C22-4945-AD28-FCEDCFF9B852}.Debug|Any CPU.ActiveCfg = Debug|Any CPU
		{945CD415-5C22-4945-AD28-FCEDCFF9B852}.Debug|Any CPU.Build.0 = Debug|Any CPU
		{945CD415-5C22-4945-AD28-FCEDCFF9B852}.Release|Any CPU.ActiveCfg = Release|Any CPU
		{945CD415-5C22-4945-AD28-FCEDCFF9B852}.Release|Any CPU.Build.0 = Release|Any CPU
		{2D9D89CF-891D-42DC-8DAA-2539AE8DD5A2}.Debug|Any CPU.ActiveCfg = Debug|Any CPU
		{2D9D89CF-891D-42DC-8DAA-2539AE8DD5A2}.Debug|Any CPU.Build.0 = Debug|Any CPU
		{2D9D89CF-891D-42DC-8DAA-2539AE8DD5A2}.Release|Any CPU.ActiveCfg = Release|Any CPU
		{2D9D89CF-891D-42DC-8DAA-2539AE8DD5A2}.Release|Any CPU.Build.0 = Release|Any CPU
		{7054C33D-E38B-453A-8ABB-F657BA1BA423}.Debug|Any CPU.ActiveCfg = Debug|Any CPU
		{7054C33D-E38B-453A-8ABB-F657BA1BA423}.Debug|Any CPU.Build.0 = Debug|Any CPU
		{7054C33D-E38B-453A-8ABB-F657BA1BA423}.Release|Any CPU.ActiveCfg = Release|Any CPU
		{7054C33D-E38B-453A-8ABB-F657BA1BA423}.Release|Any CPU.Build.0 = Release|Any CPU
		{2740AAD8-1CBC-44FA-907B-02D1F65A8940}.Debug|Any CPU.ActiveCfg = Debug|Any CPU
		{2740AAD8-1CBC-44FA-907B-02D1F65A8940}.Debug|Any CPU.Build.0 = Debug|Any CPU
		{2740AAD8-1CBC-44FA-907B-02D1F65A8940}.Release|Any CPU.ActiveCfg = Release|Any CPU
		{2740AAD8-1CBC-44FA-907B-02D1F65A8940}.Release|Any CPU.Build.0 = Release|Any CPU
		{740CB8D7-DB1C-4371-A6C4-C8B0412B9E0C}.Debug|Any CPU.ActiveCfg = Debug|Any CPU
		{740CB8D7-DB1C-4371-A6C4-C8B0412B9E0C}.Debug|Any CPU.Build.0 = Debug|Any CPU
		{740CB8D7-DB1C-4371-A6C4-C8B0412B9E0C}.Release|Any CPU.ActiveCfg = Release|Any CPU
		{740CB8D7-DB1C-4371-A6C4-C8B0412B9E0C}.Release|Any CPU.Build.0 = Release|Any CPU
	EndGlobalSection
	GlobalSection(SolutionProperties) = preSolution
		HideSolutionNode = FALSE
	EndGlobalSection
	GlobalSection(ExtensibilityGlobals) = postSolution
		SolutionGuid = {9EA9933B-4B56-4FA0-9FDA-1A4E4124E24C}
	EndGlobalSection
EndGlobal
